version = 1
revision = 2
requires-python = ">=3.12"
resolution-markers = [
    "python_full_version >= '3.13'",
    "python_full_version < '3.13'",
]

[[package]]
name = "cfgv"
version = "3.4.0"
source = { registry = "https://pypi.org/simple" }
sdist = { url = "https://files.pythonhosted.org/packages/11/74/539e56497d9bd1d484fd863dd69cbbfa653cd2aa27abfe35653494d85e94/cfgv-3.4.0.tar.gz", hash = "sha256:e52591d4c5f5dead8e0f673fb16db7949d2cfb3f7da4582893288f0ded8fe560", size = 7114, upload-time = "2023-08-12T20:38:17.776Z" }
wheels = [
    { url = "https://files.pythonhosted.org/packages/c5/55/51844dd50c4fc7a33b653bfaba4c2456f06955289ca770a5dbd5fd267374/cfgv-3.4.0-py2.py3-none-any.whl", hash = "sha256:b7265b1f29fd3316bfcd2b330d63d024f2bfd8bcb8b0272f8e19a504856c48f9", size = 7249, upload-time = "2023-08-12T20:38:16.269Z" },
]

[[package]]
name = "colorama"
version = "0.4.6"
source = { registry = "https://pypi.org/simple" }
sdist = { url = "https://files.pythonhosted.org/packages/d8/53/6f443c9a4a8358a93a6792e2acffb9d9d5cb0a5cfd8802644b7b1c9a02e4/colorama-0.4.6.tar.gz", hash = "sha256:08695f5cb7ed6e0531a20572697297273c47b8cae5a63ffc6d6ed5c201be6e44", size = 27697, upload-time = "2022-10-25T02:36:22.414Z" }
wheels = [
    { url = "https://files.pythonhosted.org/packages/d1/d6/3965ed04c63042e047cb6a3e6ed1a63a35087b6a609aa3a15ed8ac56c221/colorama-0.4.6-py2.py3-none-any.whl", hash = "sha256:4f1d9991f5acc0ca119f9d443620b77f9d6b33703e51011c16baf57afb285fc6", size = 25335, upload-time = "2022-10-25T02:36:20.889Z" },
]

[[package]]
name = "distlib"
version = "0.4.0"
source = { registry = "https://pypi.org/simple" }
sdist = { url = "https://files.pythonhosted.org/packages/96/8e/709914eb2b5749865801041647dc7f4e6d00b549cfe88b65ca192995f07c/distlib-0.4.0.tar.gz", hash = "sha256:feec40075be03a04501a973d81f633735b4b69f98b05450592310c0f401a4e0d", size = 614605, upload-time = "2025-07-17T16:52:00.465Z" }
wheels = [
    { url = "https://files.pythonhosted.org/packages/33/6b/e0547afaf41bf2c42e52430072fa5658766e3d65bd4b03a563d1b6336f57/distlib-0.4.0-py2.py3-none-any.whl", hash = "sha256:9659f7d87e46584a30b5780e43ac7a2143098441670ff0a49d5f9034c54a6c16", size = 469047, upload-time = "2025-07-17T16:51:58.613Z" },
]

[[package]]
name = "execnet"
version = "2.1.1"
source = { registry = "https://pypi.org/simple" }
sdist = { url = "https://files.pythonhosted.org/packages/bb/ff/b4c0dc78fbe20c3e59c0c7334de0c27eb4001a2b2017999af398bf730817/execnet-2.1.1.tar.gz", hash = "sha256:5189b52c6121c24feae288166ab41b32549c7e2348652736540b9e6e7d4e72e3", size = 166524, upload-time = "2024-04-08T09:04:19.245Z" }
wheels = [
    { url = "https://files.pythonhosted.org/packages/43/09/2aea36ff60d16dd8879bdb2f5b3ee0ba8d08cbbdcdfe870e695ce3784385/execnet-2.1.1-py3-none-any.whl", hash = "sha256:26dee51f1b80cebd6d0ca8e74dd8745419761d3bef34163928cbebbdc4749fdc", size = 40612, upload-time = "2024-04-08T09:04:17.414Z" },
]

[[package]]
name = "filelock"
version = "3.18.0"
source = { registry = "https://pypi.org/simple" }
sdist = { url = "https://files.pythonhosted.org/packages/0a/10/c23352565a6544bdc5353e0b15fc1c563352101f30e24bf500207a54df9a/filelock-3.18.0.tar.gz", hash = "sha256:adbc88eabb99d2fec8c9c1b229b171f18afa655400173ddc653d5d01501fb9f2", size = 18075, upload-time = "2025-03-14T07:11:40.47Z" }
wheels = [
    { url = "https://files.pythonhosted.org/packages/4d/36/2a115987e2d8c300a974597416d9de88f2444426de9571f4b59b2cca3acc/filelock-3.18.0-py3-none-any.whl", hash = "sha256:c401f4f8377c4464e6db25fff06205fd89bdd83b65eb0488ed1b160f780e21de", size = 16215, upload-time = "2025-03-14T07:11:39.145Z" },
]

[[package]]
name = "identify"
version = "2.6.13"
source = { registry = "https://pypi.org/simple" }
sdist = { url = "https://files.pythonhosted.org/packages/82/ca/ffbabe3635bb839aa36b3a893c91a9b0d368cb4d8073e03a12896970af82/identify-2.6.13.tar.gz", hash = "sha256:da8d6c828e773620e13bfa86ea601c5a5310ba4bcd65edf378198b56a1f9fb32", size = 99243, upload-time = "2025-08-09T19:35:00.6Z" }
wheels = [
    { url = "https://files.pythonhosted.org/packages/e7/ce/461b60a3ee109518c055953729bf9ed089a04db895d47e95444071dcdef2/identify-2.6.13-py2.py3-none-any.whl", hash = "sha256:60381139b3ae39447482ecc406944190f690d4a2997f2584062089848361b33b", size = 99153, upload-time = "2025-08-09T19:34:59.1Z" },
]

[[package]]
name = "iniconfig"
version = "2.1.0"
source = { registry = "https://pypi.org/simple" }
sdist = { url = "https://files.pythonhosted.org/packages/f2/97/ebf4da567aa6827c909642694d71c9fcf53e5b504f2d96afea02718862f3/iniconfig-2.1.0.tar.gz", hash = "sha256:3abbd2e30b36733fee78f9c7f7308f2d0050e88f0087fd25c2645f63c773e1c7", size = 4793, upload-time = "2025-03-19T20:09:59.721Z" }
wheels = [
    { url = "https://files.pythonhosted.org/packages/2c/e1/e6716421ea10d38022b952c159d5161ca1193197fb744506875fbb87ea7b/iniconfig-2.1.0-py3-none-any.whl", hash = "sha256:9deba5723312380e77435581c6bf4935c94cbfab9b1ed33ef8d238ea168eb760", size = 6050, upload-time = "2025-03-19T20:10:01.071Z" },
]

[[package]]
name = "libcst"
version = "1.8.2"
source = { registry = "https://pypi.org/simple" }
dependencies = [
    { name = "pyyaml", marker = "python_full_version < '3.13'" },
    { name = "pyyaml-ft", marker = "python_full_version >= '3.13'" },
]
sdist = { url = "https://files.pythonhosted.org/packages/89/aa/b52d195b167958fe1bd106a260f64cc80ec384f6ac2a9cda874d8803df06/libcst-1.8.2.tar.gz", hash = "sha256:66e82cedba95a6176194a817be4232c720312f8be6d2c8f3847f3317d95a0c7f", size = 881534, upload-time = "2025-06-13T20:56:37.915Z" }
wheels = [
    { url = "https://files.pythonhosted.org/packages/31/2d/8726bf8ea8252e8fd1e48980753eef5449622c5f6cf731102bc43dcdc2c6/libcst-1.8.2-cp312-cp312-macosx_10_13_x86_64.whl", hash = "sha256:2e8c1dfa854e700fcf6cd79b2796aa37d55697a74646daf5ea47c7c764bac31c", size = 2185942, upload-time = "2025-06-13T20:55:26.105Z" },
    { url = "https://files.pythonhosted.org/packages/99/b3/565d24db8daed66eae7653c1fc1bc97793d49d5d3bcef530450ee8da882c/libcst-1.8.2-cp312-cp312-macosx_11_0_arm64.whl", hash = "sha256:2b5c57a3c1976c365678eb0730bcb140d40510990cb77df9a91bb5c41d587ba6", size = 2072622, upload-time = "2025-06-13T20:55:27.548Z" },
    { url = "https://files.pythonhosted.org/packages/8c/d6/5a433e8a58eeb5c5d46635cfe958d0605f598d87977d4560484e3662d438/libcst-1.8.2-cp312-cp312-manylinux1_i686.manylinux2014_i686.manylinux_2_17_i686.manylinux_2_5_i686.whl", hash = "sha256:0f23409add2aaebbb6d8e881babab43c2d979f051b8bd8aed5fe779ea180a4e8", size = 2402738, upload-time = "2025-06-13T20:55:29.539Z" },
    { url = "https://files.pythonhosted.org/packages/85/e4/0dd752c1880b570118fa91ac127589e6cf577ddcb2eef1aaf8b81ecc3f79/libcst-1.8.2-cp312-cp312-manylinux_2_28_aarch64.whl", hash = "sha256:b88e9104c456590ad0ef0e82851d4fc03e9aa9d621fa8fdd4cd0907152a825ae", size = 2219932, upload-time = "2025-06-13T20:55:31.17Z" },
    { url = "https://files.pythonhosted.org/packages/42/bc/fceae243c6a329477ac6d4edb887bcaa2ae7a3686158d8d9b9abb3089c37/libcst-1.8.2-cp312-cp312-manylinux_2_28_armv7l.manylinux_2_31_armv7l.whl", hash = "sha256:e5ba3ea570c8fb6fc44f71aa329edc7c668e2909311913123d0d7ab8c65fc357", size = 2191891, upload-time = "2025-06-13T20:55:33.066Z" },
    { url = "https://files.pythonhosted.org/packages/7d/7d/eb341bdc11f1147e7edeccffd0f2f785eff014e72134f5e46067472012b0/libcst-1.8.2-cp312-cp312-manylinux_2_28_x86_64.whl", hash = "sha256:460fcf3562f078781e1504983cb11909eb27a1d46eaa99e65c4b0fafdc298298", size = 2311927, upload-time = "2025-06-13T20:55:34.614Z" },
    { url = "https://files.pythonhosted.org/packages/d8/19/78bfc7aa5a542574d2ab0768210d084901dec5fc373103ca119905408cf2/libcst-1.8.2-cp312-cp312-musllinux_1_2_aarch64.whl", hash = "sha256:c1381ddbd1066d543e05d580c15beacf671e1469a0b2adb6dba58fec311f4eed", size = 2281098, upload-time = "2025-06-13T20:55:36.089Z" },
    { url = "https://files.pythonhosted.org/packages/83/37/a41788a72dc06ed3566606f7cf50349c9918cee846eeae45d1bac03d54c2/libcst-1.8.2-cp312-cp312-musllinux_1_2_x86_64.whl", hash = "sha256:a70e40ce7600e1b32e293bb9157e9de3b69170e2318ccb219102f1abb826c94a", size = 2387649, upload-time = "2025-06-13T20:55:37.797Z" },
    { url = "https://files.pythonhosted.org/packages/bb/df/7a49576c9fd55cdfd8bcfb725273aa4ee7dc41e87609f3451a4901d68057/libcst-1.8.2-cp312-cp312-win_amd64.whl", hash = "sha256:3ece08ba778b6eeea74d9c705e9af2d1b4e915e9bc6de67ad173b962e575fcc0", size = 2094574, upload-time = "2025-06-13T20:55:39.833Z" },
    { url = "https://files.pythonhosted.org/packages/29/60/27381e194d2af08bfd0fed090c905b2732907b69da48d97d86c056d70790/libcst-1.8.2-cp312-cp312-win_arm64.whl", hash = "sha256:5efd1bf6ee5840d1b0b82ec8e0b9c64f182fa5a7c8aad680fbd918c4fa3826e0", size = 1984568, upload-time = "2025-06-13T20:55:41.511Z" },
    { url = "https://files.pythonhosted.org/packages/11/9c/e3d4c7f1eb5c23907f905f84a4da271b60cd15b746ac794d42ea18bb105e/libcst-1.8.2-cp313-cp313-macosx_10_13_x86_64.whl", hash = "sha256:08e9dca4ab6f8551794ce7ec146f86def6a82da41750cbed2c07551345fa10d3", size = 2185848, upload-time = "2025-06-13T20:55:43.653Z" },
    { url = "https://files.pythonhosted.org/packages/59/e0/635cbb205d42fd296c01ab5cd1ba485b0aee92bffe061de587890c81f1bf/libcst-1.8.2-cp313-cp313-macosx_11_0_arm64.whl", hash = "sha256:8310521f2ccb79b5c4345750d475b88afa37bad930ab5554735f85ad5e3add30", size = 2072510, upload-time = "2025-06-13T20:55:45.287Z" },
    { url = "https://files.pythonhosted.org/packages/fe/45/8911cfe9413fd690a024a1ff2c8975f060dd721160178679d3f6a21f939e/libcst-1.8.2-cp313-cp313-manylinux1_i686.manylinux2014_i686.manylinux_2_17_i686.manylinux_2_5_i686.whl", hash = "sha256:da2d8b008aff72acd5a4a588491abdda1b446f17508e700f26df9be80d8442ae", size = 2403226, upload-time = "2025-06-13T20:55:46.927Z" },
    { url = "https://files.pythonhosted.org/packages/38/83/819d2b1b1fd870ad34ce4f34ec68704ca69bf48ef2d7665483115f267ec4/libcst-1.8.2-cp313-cp313-manylinux_2_28_aarch64.whl", hash = "sha256:be821d874ce8b26cbadd7277fa251a9b37f6d2326f8b5682b6fc8966b50a3a59", size = 2220669, upload-time = "2025-06-13T20:55:48.597Z" },
    { url = "https://files.pythonhosted.org/packages/d4/2f/2c4742bf834f88a9803095915c4f41cafefb7b04bde66ea86f74668b4b7b/libcst-1.8.2-cp313-cp313-manylinux_2_28_armv7l.manylinux_2_31_armv7l.whl", hash = "sha256:f74b0bc7378ad5afcf25ac9d0367b4dbba50f6f6468faa41f5dfddcf8bf9c0f8", size = 2191919, upload-time = "2025-06-13T20:55:50.092Z" },
    { url = "https://files.pythonhosted.org/packages/64/f4/107e13815f1ee5aad642d4eb4671c0273ee737f3832e3dbca9603b39f8d9/libcst-1.8.2-cp313-cp313-manylinux_2_28_x86_64.whl", hash = "sha256:b68ea4a6018abfea1f68d50f74de7d399172684c264eb09809023e2c8696fc23", size = 2311965, upload-time = "2025-06-13T20:55:51.974Z" },
    { url = "https://files.pythonhosted.org/packages/03/63/2948b6e4be367ad375d273a8ad00df573029cffe5ac8f6c09398c250de5b/libcst-1.8.2-cp313-cp313-musllinux_1_2_aarch64.whl", hash = "sha256:2e264307ec49b2c72480422abafe80457f90b4e6e693b7ddf8a23d24b5c24001", size = 2281704, upload-time = "2025-06-13T20:55:54.036Z" },
    { url = "https://files.pythonhosted.org/packages/c8/d3/590cde9c8c386d5f4f05fdef3394c437ea51060478a5141ff4a1f289e747/libcst-1.8.2-cp313-cp313-musllinux_1_2_x86_64.whl", hash = "sha256:a5d5519962ce7c72d81888fb0c09e58e308ba4c376e76bcd853b48151063d6a8", size = 2387511, upload-time = "2025-06-13T20:55:55.538Z" },
    { url = "https://files.pythonhosted.org/packages/96/3d/ba5e36c663028043fc607dc33e5c390c7f73136fb15a890fb3710ee9d158/libcst-1.8.2-cp313-cp313-win_amd64.whl", hash = "sha256:b62aa11d6b74ed5545e58ac613d3f63095e5fd0254b3e0d1168fda991b9a6b41", size = 2094526, upload-time = "2025-06-13T20:55:57.486Z" },
    { url = "https://files.pythonhosted.org/packages/a5/34/530ca3b972dddad562f266c81190bea29376f8ba70054ea7b45b114504cd/libcst-1.8.2-cp313-cp313-win_arm64.whl", hash = "sha256:9c2bd4ac288a9cdb7ffc3229a9ce8027a66a3fd3f2ab9e13da60f5fbfe91f3b2", size = 1984627, upload-time = "2025-06-13T20:55:59.017Z" },
    { url = "https://files.pythonhosted.org/packages/19/9f/491f7b8d9d93444cd9bf711156ee1f122c38d25b903599e363d669acc8ab/libcst-1.8.2-cp313-cp313t-macosx_10_13_x86_64.whl", hash = "sha256:08a8c7d9922ca6eed24e2c13a3c552b3c186af8fc78e5d4820b58487d780ec19", size = 2175415, upload-time = "2025-06-13T20:56:01.157Z" },
    { url = "https://files.pythonhosted.org/packages/2e/fe/4d13437f453f92687246aa7c5138e102ee5186fe96609ee4c598bb9f9ecb/libcst-1.8.2-cp313-cp313t-macosx_11_0_arm64.whl", hash = "sha256:bba7c2b5063e8ada5a5477f9fa0c01710645426b5a8628ec50d558542a0a292e", size = 2063719, upload-time = "2025-06-13T20:56:02.787Z" },
    { url = "https://files.pythonhosted.org/packages/94/59/758ae142c6607f275269021362b731e0f22ff5c9aa7cc67b0ed3a6bc930f/libcst-1.8.2-cp313-cp313t-manylinux1_i686.manylinux2014_i686.manylinux_2_17_i686.manylinux_2_5_i686.whl", hash = "sha256:d97c9fe13aacfbefded6861f5200dcb8e837da7391a9bdeb44ccb133705990af", size = 2380624, upload-time = "2025-06-13T20:56:04.909Z" },
    { url = "https://files.pythonhosted.org/packages/ac/c5/31d214a0bcb3523243a9b5643b597ff653d6ec9e1f3326cfcc16bcbf185d/libcst-1.8.2-cp313-cp313t-manylinux_2_28_aarch64.whl", hash = "sha256:d2194ae959630aae4176a4b75bd320b3274c20bef2a5ca6b8d6fc96d3c608edf", size = 2208801, upload-time = "2025-06-13T20:56:06.983Z" },
    { url = "https://files.pythonhosted.org/packages/70/16/a53f852322b266c63b492836a5c4968f192ee70fb52795a79feb4924e9ed/libcst-1.8.2-cp313-cp313t-manylinux_2_28_armv7l.manylinux_2_31_armv7l.whl", hash = "sha256:0be639f5b2e1999a4b4a82a0f4633969f97336f052d0c131627983589af52f56", size = 2179557, upload-time = "2025-06-13T20:56:09.09Z" },
    { url = "https://files.pythonhosted.org/packages/fa/49/12a5664c73107187ba3af14869d3878fca1fd4c37f6fbb9adb943cb7a791/libcst-1.8.2-cp313-cp313t-manylinux_2_28_x86_64.whl", hash = "sha256:6753e50904e05c27915933da41518ecd7a8ca4dd3602112ba44920c6e353a455", size = 2302499, upload-time = "2025-06-13T20:56:10.751Z" },
    { url = "https://files.pythonhosted.org/packages/e9/46/2d62552a9346a040c045d6619b645d59bb707a586318121f099abd0cd5c4/libcst-1.8.2-cp313-cp313t-musllinux_1_2_aarch64.whl", hash = "sha256:706d07106af91c343150be86caeae1ea3851b74aa0730fcbbf8cd089e817f818", size = 2271070, upload-time = "2025-06-13T20:56:12.445Z" },
    { url = "https://files.pythonhosted.org/packages/af/67/b625fd6ae22575255aade0a24f45e1d430b7e7279729c9c51d4faac982d2/libcst-1.8.2-cp313-cp313t-musllinux_1_2_x86_64.whl", hash = "sha256:dd4310ea8ddc49cc8872e083737cf806299b17f93159a1f354d59aa08993e876", size = 2380767, upload-time = "2025-06-13T20:56:13.995Z" },
    { url = "https://files.pythonhosted.org/packages/e6/84/fb88f2ffdb045ff7323a6c05dd3d243a9eb3cb3517a6269dee43fbfb9990/libcst-1.8.2-cp313-cp313t-win_amd64.whl", hash = "sha256:51bbafdd847529e8a16d1965814ed17831af61452ee31943c414cb23451de926", size = 2083403, upload-time = "2025-06-13T20:56:15.959Z" },
    { url = "https://files.pythonhosted.org/packages/d3/8f/da755d6d517eb8ec9664afae967b00a9b8dd567bbbb350e261359c1b47fc/libcst-1.8.2-cp313-cp313t-win_arm64.whl", hash = "sha256:4f14f5045766646ed9e8826b959c6d07194788babed1e0ba08c94ea4f39517e3", size = 1974355, upload-time = "2025-06-13T20:56:18.064Z" },
]

[[package]]
name = "nodeenv"
version = "1.9.1"
source = { registry = "https://pypi.org/simple" }
sdist = { url = "https://files.pythonhosted.org/packages/43/16/fc88b08840de0e0a72a2f9d8c6bae36be573e475a6326ae854bcc549fc45/nodeenv-1.9.1.tar.gz", hash = "sha256:6ec12890a2dab7946721edbfbcd91f3319c6ccc9aec47be7c7e6b7011ee6645f", size = 47437, upload-time = "2024-06-04T18:44:11.171Z" }
wheels = [
    { url = "https://files.pythonhosted.org/packages/d2/1d/1b658dbd2b9fa9c4c9f32accbfc0205d532c8c6194dc0f2a4c0428e7128a/nodeenv-1.9.1-py2.py3-none-any.whl", hash = "sha256:ba11c9782d29c27c70ffbdda2d7415098754709be8a7056d79a737cd901155c9", size = 22314, upload-time = "2024-06-04T18:44:08.352Z" },
]

[[package]]
name = "packaging"
version = "25.0"
source = { registry = "https://pypi.org/simple" }
sdist = { url = "https://files.pythonhosted.org/packages/a1/d4/1fc4078c65507b51b96ca8f8c3ba19e6a61c8253c72794544580a7b6c24d/packaging-25.0.tar.gz", hash = "sha256:d443872c98d677bf60f6a1f2f8c1cb748e8fe762d2bf9d3148b5599295b0fc4f", size = 165727, upload-time = "2025-04-19T11:48:59.673Z" }
wheels = [
    { url = "https://files.pythonhosted.org/packages/20/12/38679034af332785aac8774540895e234f4d07f7545804097de4b666afd8/packaging-25.0-py3-none-any.whl", hash = "sha256:29572ef2b1f17581046b3a2227d5c611fb25ec70ca1ba8554b24b0e69331a484", size = 66469, upload-time = "2025-04-19T11:48:57.875Z" },
]

[[package]]
name = "platformdirs"
version = "4.3.8"
source = { registry = "https://pypi.org/simple" }
sdist = { url = "https://files.pythonhosted.org/packages/fe/8b/3c73abc9c759ecd3f1f7ceff6685840859e8070c4d947c93fae71f6a0bf2/platformdirs-4.3.8.tar.gz", hash = "sha256:3d512d96e16bcb959a814c9f348431070822a6496326a4be0911c40b5a74c2bc", size = 21362, upload-time = "2025-05-07T22:47:42.121Z" }
wheels = [
    { url = "https://files.pythonhosted.org/packages/fe/39/979e8e21520d4e47a0bbe349e2713c0aac6f3d853d0e5b34d76206c439aa/platformdirs-4.3.8-py3-none-any.whl", hash = "sha256:ff7059bb7eb1179e2685604f4aaf157cfd9535242bd23742eadc3c13542139b4", size = 18567, upload-time = "2025-05-07T22:47:40.376Z" },
]

[[package]]
name = "pluggy"
version = "1.6.0"
source = { registry = "https://pypi.org/simple" }
sdist = { url = "https://files.pythonhosted.org/packages/f9/e2/3e91f31a7d2b083fe6ef3fa267035b518369d9511ffab804f839851d2779/pluggy-1.6.0.tar.gz", hash = "sha256:7dcc130b76258d33b90f61b658791dede3486c3e6bfb003ee5c9bfb396dd22f3", size = 69412, upload-time = "2025-05-15T12:30:07.975Z" }
wheels = [
    { url = "https://files.pythonhosted.org/packages/54/20/4d324d65cc6d9205fabedc306948156824eb9f0ee1633355a8f7ec5c66bf/pluggy-1.6.0-py3-none-any.whl", hash = "sha256:e920276dd6813095e9377c0bc5566d94c932c33b27a3e3945d8389c374dd4746", size = 20538, upload-time = "2025-05-15T12:30:06.134Z" },
]

[[package]]
name = "pre-commit"
version = "4.3.0"
source = { registry = "https://pypi.org/simple" }
dependencies = [
    { name = "cfgv" },
    { name = "identify" },
    { name = "nodeenv" },
    { name = "pyyaml" },
    { name = "virtualenv" },
]
sdist = { url = "https://files.pythonhosted.org/packages/ff/29/7cf5bbc236333876e4b41f56e06857a87937ce4bf91e117a6991a2dbb02a/pre_commit-4.3.0.tar.gz", hash = "sha256:499fe450cc9d42e9d58e606262795ecb64dd05438943c62b66f6a8673da30b16", size = 193792, upload-time = "2025-08-09T18:56:14.651Z" }
wheels = [
    { url = "https://files.pythonhosted.org/packages/5b/a5/987a405322d78a73b66e39e4a90e4ef156fd7141bf71df987e50717c321b/pre_commit-4.3.0-py2.py3-none-any.whl", hash = "sha256:2b0747ad7e6e967169136edffee14c16e148a778a54e4f967921aa1ebf2308d8", size = 220965, upload-time = "2025-08-09T18:56:13.192Z" },
]

[[package]]
name = "pygments"
version = "2.19.2"
source = { registry = "https://pypi.org/simple" }
sdist = { url = "https://files.pythonhosted.org/packages/b0/77/a5b8c569bf593b0140bde72ea885a803b82086995367bf2037de0159d924/pygments-2.19.2.tar.gz", hash = "sha256:636cb2477cec7f8952536970bc533bc43743542f70392ae026374600add5b887", size = 4968631, upload-time = "2025-06-21T13:39:12.283Z" }
wheels = [
    { url = "https://files.pythonhosted.org/packages/c7/21/705964c7812476f378728bdf590ca4b771ec72385c533964653c68e86bdc/pygments-2.19.2-py3-none-any.whl", hash = "sha256:86540386c03d588bb81d44bc3928634ff26449851e99741617ecb9037ee5ec0b", size = 1225217, upload-time = "2025-06-21T13:39:07.939Z" },
]

[[package]]
name = "pytest"
version = "8.4.1"
source = { registry = "https://pypi.org/simple" }
dependencies = [
    { name = "colorama", marker = "sys_platform == 'win32'" },
    { name = "iniconfig" },
    { name = "packaging" },
    { name = "pluggy" },
    { name = "pygments" },
]
sdist = { url = "https://files.pythonhosted.org/packages/08/ba/45911d754e8eba3d5a841a5ce61a65a685ff1798421ac054f85aa8747dfb/pytest-8.4.1.tar.gz", hash = "sha256:7c67fd69174877359ed9371ec3af8a3d2b04741818c51e5e99cc1742251fa93c", size = 1517714, upload-time = "2025-06-18T05:48:06.109Z" }
wheels = [
    { url = "https://files.pythonhosted.org/packages/29/16/c8a903f4c4dffe7a12843191437d7cd8e32751d5de349d45d3fe69544e87/pytest-8.4.1-py3-none-any.whl", hash = "sha256:539c70ba6fcead8e78eebbf1115e8b589e7565830d7d006a8723f19ac8a0afb7", size = 365474, upload-time = "2025-06-18T05:48:03.955Z" },
]

[[package]]
name = "pytest-xdist"
version = "3.8.0"
source = { registry = "https://pypi.org/simple" }
dependencies = [
    { name = "execnet" },
    { name = "pytest" },
]
sdist = { url = "https://files.pythonhosted.org/packages/78/b4/439b179d1ff526791eb921115fca8e44e596a13efeda518b9d845a619450/pytest_xdist-3.8.0.tar.gz", hash = "sha256:7e578125ec9bc6050861aa93f2d59f1d8d085595d6551c2c90b6f4fad8d3a9f1", size = 88069, upload-time = "2025-07-01T13:30:59.346Z" }
wheels = [
    { url = "https://files.pythonhosted.org/packages/ca/31/d4e37e9e550c2b92a9cbc2e4d0b7420a27224968580b5a447f420847c975/pytest_xdist-3.8.0-py3-none-any.whl", hash = "sha256:202ca578cfeb7370784a8c33d6d05bc6e13b4f25b5053c30a152269fd10f0b88", size = 46396, upload-time = "2025-07-01T13:30:56.632Z" },
]

[[package]]
name = "pyyaml"
version = "6.0.2"
source = { registry = "https://pypi.org/simple" }
sdist = { url = "https://files.pythonhosted.org/packages/54/ed/79a089b6be93607fa5cdaedf301d7dfb23af5f25c398d5ead2525b063e17/pyyaml-6.0.2.tar.gz", hash = "sha256:d584d9ec91ad65861cc08d42e834324ef890a082e591037abe114850ff7bbc3e", size = 130631, upload-time = "2024-08-06T20:33:50.674Z" }
wheels = [
    { url = "https://files.pythonhosted.org/packages/86/0c/c581167fc46d6d6d7ddcfb8c843a4de25bdd27e4466938109ca68492292c/PyYAML-6.0.2-cp312-cp312-macosx_10_9_x86_64.whl", hash = "sha256:c70c95198c015b85feafc136515252a261a84561b7b1d51e3384e0655ddf25ab", size = 183873, upload-time = "2024-08-06T20:32:25.131Z" },
    { url = "https://files.pythonhosted.org/packages/a8/0c/38374f5bb272c051e2a69281d71cba6fdb983413e6758b84482905e29a5d/PyYAML-6.0.2-cp312-cp312-macosx_11_0_arm64.whl", hash = "sha256:ce826d6ef20b1bc864f0a68340c8b3287705cae2f8b4b1d932177dcc76721725", size = 173302, upload-time = "2024-08-06T20:32:26.511Z" },
    { url = "https://files.pythonhosted.org/packages/c3/93/9916574aa8c00aa06bbac729972eb1071d002b8e158bd0e83a3b9a20a1f7/PyYAML-6.0.2-cp312-cp312-manylinux_2_17_aarch64.manylinux2014_aarch64.whl", hash = "sha256:1f71ea527786de97d1a0cc0eacd1defc0985dcf6b3f17bb77dcfc8c34bec4dc5", size = 739154, upload-time = "2024-08-06T20:32:28.363Z" },
    { url = "https://files.pythonhosted.org/packages/95/0f/b8938f1cbd09739c6da569d172531567dbcc9789e0029aa070856f123984/PyYAML-6.0.2-cp312-cp312-manylinux_2_17_s390x.manylinux2014_s390x.whl", hash = "sha256:9b22676e8097e9e22e36d6b7bda33190d0d400f345f23d4065d48f4ca7ae0425", size = 766223, upload-time = "2024-08-06T20:32:30.058Z" },
    { url = "https://files.pythonhosted.org/packages/b9/2b/614b4752f2e127db5cc206abc23a8c19678e92b23c3db30fc86ab731d3bd/PyYAML-6.0.2-cp312-cp312-manylinux_2_17_x86_64.manylinux2014_x86_64.whl", hash = "sha256:80bab7bfc629882493af4aa31a4cfa43a4c57c83813253626916b8c7ada83476", size = 767542, upload-time = "2024-08-06T20:32:31.881Z" },
    { url = "https://files.pythonhosted.org/packages/d4/00/dd137d5bcc7efea1836d6264f049359861cf548469d18da90cd8216cf05f/PyYAML-6.0.2-cp312-cp312-musllinux_1_1_aarch64.whl", hash = "sha256:0833f8694549e586547b576dcfaba4a6b55b9e96098b36cdc7ebefe667dfed48", size = 731164, upload-time = "2024-08-06T20:32:37.083Z" },
    { url = "https://files.pythonhosted.org/packages/c9/1f/4f998c900485e5c0ef43838363ba4a9723ac0ad73a9dc42068b12aaba4e4/PyYAML-6.0.2-cp312-cp312-musllinux_1_1_x86_64.whl", hash = "sha256:8b9c7197f7cb2738065c481a0461e50ad02f18c78cd75775628afb4d7137fb3b", size = 756611, upload-time = "2024-08-06T20:32:38.898Z" },
    { url = "https://files.pythonhosted.org/packages/df/d1/f5a275fdb252768b7a11ec63585bc38d0e87c9e05668a139fea92b80634c/PyYAML-6.0.2-cp312-cp312-win32.whl", hash = "sha256:ef6107725bd54b262d6dedcc2af448a266975032bc85ef0172c5f059da6325b4", size = 140591, upload-time = "2024-08-06T20:32:40.241Z" },
    { url = "https://files.pythonhosted.org/packages/0c/e8/4f648c598b17c3d06e8753d7d13d57542b30d56e6c2dedf9c331ae56312e/PyYAML-6.0.2-cp312-cp312-win_amd64.whl", hash = "sha256:7e7401d0de89a9a855c839bc697c079a4af81cf878373abd7dc625847d25cbd8", size = 156338, upload-time = "2024-08-06T20:32:41.93Z" },
    { url = "https://files.pythonhosted.org/packages/ef/e3/3af305b830494fa85d95f6d95ef7fa73f2ee1cc8ef5b495c7c3269fb835f/PyYAML-6.0.2-cp313-cp313-macosx_10_13_x86_64.whl", hash = "sha256:efdca5630322a10774e8e98e1af481aad470dd62c3170801852d752aa7a783ba", size = 181309, upload-time = "2024-08-06T20:32:43.4Z" },
    { url = "https://files.pythonhosted.org/packages/45/9f/3b1c20a0b7a3200524eb0076cc027a970d320bd3a6592873c85c92a08731/PyYAML-6.0.2-cp313-cp313-macosx_11_0_arm64.whl", hash = "sha256:50187695423ffe49e2deacb8cd10510bc361faac997de9efef88badc3bb9e2d1", size = 171679, upload-time = "2024-08-06T20:32:44.801Z" },
    { url = "https://files.pythonhosted.org/packages/7c/9a/337322f27005c33bcb656c655fa78325b730324c78620e8328ae28b64d0c/PyYAML-6.0.2-cp313-cp313-manylinux_2_17_aarch64.manylinux2014_aarch64.whl", hash = "sha256:0ffe8360bab4910ef1b9e87fb812d8bc0a308b0d0eef8c8f44e0254ab3b07133", size = 733428, upload-time = "2024-08-06T20:32:46.432Z" },
    { url = "https://files.pythonhosted.org/packages/a3/69/864fbe19e6c18ea3cc196cbe5d392175b4cf3d5d0ac1403ec3f2d237ebb5/PyYAML-6.0.2-cp313-cp313-manylinux_2_17_s390x.manylinux2014_s390x.whl", hash = "sha256:17e311b6c678207928d649faa7cb0d7b4c26a0ba73d41e99c4fff6b6c3276484", size = 763361, upload-time = "2024-08-06T20:32:51.188Z" },
    { url = "https://files.pythonhosted.org/packages/04/24/b7721e4845c2f162d26f50521b825fb061bc0a5afcf9a386840f23ea19fa/PyYAML-6.0.2-cp313-cp313-manylinux_2_17_x86_64.manylinux2014_x86_64.whl", hash = "sha256:70b189594dbe54f75ab3a1acec5f1e3faa7e8cf2f1e08d9b561cb41b845f69d5", size = 759523, upload-time = "2024-08-06T20:32:53.019Z" },
    { url = "https://files.pythonhosted.org/packages/2b/b2/e3234f59ba06559c6ff63c4e10baea10e5e7df868092bf9ab40e5b9c56b6/PyYAML-6.0.2-cp313-cp313-musllinux_1_1_aarch64.whl", hash = "sha256:41e4e3953a79407c794916fa277a82531dd93aad34e29c2a514c2c0c5fe971cc", size = 726660, upload-time = "2024-08-06T20:32:54.708Z" },
    { url = "https://files.pythonhosted.org/packages/fe/0f/25911a9f080464c59fab9027482f822b86bf0608957a5fcc6eaac85aa515/PyYAML-6.0.2-cp313-cp313-musllinux_1_1_x86_64.whl", hash = "sha256:68ccc6023a3400877818152ad9a1033e3db8625d899c72eacb5a668902e4d652", size = 751597, upload-time = "2024-08-06T20:32:56.985Z" },
    { url = "https://files.pythonhosted.org/packages/14/0d/e2c3b43bbce3cf6bd97c840b46088a3031085179e596d4929729d8d68270/PyYAML-6.0.2-cp313-cp313-win32.whl", hash = "sha256:bc2fa7c6b47d6bc618dd7fb02ef6fdedb1090ec036abab80d4681424b84c1183", size = 140527, upload-time = "2024-08-06T20:33:03.001Z" },
    { url = "https://files.pythonhosted.org/packages/fa/de/02b54f42487e3d3c6efb3f89428677074ca7bf43aae402517bc7cca949f3/PyYAML-6.0.2-cp313-cp313-win_amd64.whl", hash = "sha256:8388ee1976c416731879ac16da0aff3f63b286ffdd57cdeb95f3f2e085687563", size = 156446, upload-time = "2024-08-06T20:33:04.33Z" },
]

[[package]]
name = "pyyaml-ft"
version = "8.0.0"
source = { registry = "https://pypi.org/simple" }
sdist = { url = "https://files.pythonhosted.org/packages/5e/eb/5a0d575de784f9a1f94e2b1288c6886f13f34185e13117ed530f32b6f8a8/pyyaml_ft-8.0.0.tar.gz", hash = "sha256:0c947dce03954c7b5d38869ed4878b2e6ff1d44b08a0d84dc83fdad205ae39ab", size = 141057, upload-time = "2025-06-10T15:32:15.613Z" }
wheels = [
    { url = "https://files.pythonhosted.org/packages/68/ba/a067369fe61a2e57fb38732562927d5bae088c73cb9bb5438736a9555b29/pyyaml_ft-8.0.0-cp313-cp313-macosx_10_13_x86_64.whl", hash = "sha256:8c1306282bc958bfda31237f900eb52c9bedf9b93a11f82e1aab004c9a5657a6", size = 187027, upload-time = "2025-06-10T15:31:48.722Z" },
    { url = "https://files.pythonhosted.org/packages/ad/c5/a3d2020ce5ccfc6aede0d45bcb870298652ac0cf199f67714d250e0cdf39/pyyaml_ft-8.0.0-cp313-cp313-macosx_11_0_arm64.whl", hash = "sha256:30c5f1751625786c19de751e3130fc345ebcba6a86f6bddd6e1285342f4bbb69", size = 176146, upload-time = "2025-06-10T15:31:50.584Z" },
    { url = "https://files.pythonhosted.org/packages/e3/bb/23a9739291086ca0d3189eac7cd92b4d00e9fdc77d722ab610c35f9a82ba/pyyaml_ft-8.0.0-cp313-cp313-manylinux_2_17_aarch64.manylinux2014_aarch64.whl", hash = "sha256:3fa992481155ddda2e303fcc74c79c05eddcdbc907b888d3d9ce3ff3e2adcfb0", size = 746792, upload-time = "2025-06-10T15:31:52.304Z" },
    { url = "https://files.pythonhosted.org/packages/5f/c2/e8825f4ff725b7e560d62a3609e31d735318068e1079539ebfde397ea03e/pyyaml_ft-8.0.0-cp313-cp313-manylinux_2_17_s390x.manylinux2014_s390x.whl", hash = "sha256:cec6c92b4207004b62dfad1f0be321c9f04725e0f271c16247d8b39c3bf3ea42", size = 786772, upload-time = "2025-06-10T15:31:54.712Z" },
    { url = "https://files.pythonhosted.org/packages/35/be/58a4dcae8854f2fdca9b28d9495298fd5571a50d8430b1c3033ec95d2d0e/pyyaml_ft-8.0.0-cp313-cp313-manylinux_2_17_x86_64.manylinux2014_x86_64.whl", hash = "sha256:06237267dbcab70d4c0e9436d8f719f04a51123f0ca2694c00dd4b68c338e40b", size = 778723, upload-time = "2025-06-10T15:31:56.093Z" },
    { url = "https://files.pythonhosted.org/packages/86/ed/fed0da92b5d5d7340a082e3802d84c6dc9d5fa142954404c41a544c1cb92/pyyaml_ft-8.0.0-cp313-cp313-musllinux_1_2_aarch64.whl", hash = "sha256:8a7f332bc565817644cdb38ffe4739e44c3e18c55793f75dddb87630f03fc254", size = 758478, upload-time = "2025-06-10T15:31:58.314Z" },
    { url = "https://files.pythonhosted.org/packages/f0/69/ac02afe286275980ecb2dcdc0156617389b7e0c0a3fcdedf155c67be2b80/pyyaml_ft-8.0.0-cp313-cp313-musllinux_1_2_x86_64.whl", hash = "sha256:7d10175a746be65f6feb86224df5d6bc5c049ebf52b89a88cf1cd78af5a367a8", size = 799159, upload-time = "2025-06-10T15:31:59.675Z" },
    { url = "https://files.pythonhosted.org/packages/4e/ac/c492a9da2e39abdff4c3094ec54acac9747743f36428281fb186a03fab76/pyyaml_ft-8.0.0-cp313-cp313-win_amd64.whl", hash = "sha256:58e1015098cf8d8aec82f360789c16283b88ca670fe4275ef6c48c5e30b22a96", size = 158779, upload-time = "2025-06-10T15:32:01.029Z" },
    { url = "https://files.pythonhosted.org/packages/5d/9b/41998df3298960d7c67653669f37710fa2d568a5fc933ea24a6df60acaf6/pyyaml_ft-8.0.0-cp313-cp313t-macosx_10_13_x86_64.whl", hash = "sha256:e64fa5f3e2ceb790d50602b2fd4ec37abbd760a8c778e46354df647e7c5a4ebb", size = 191331, upload-time = "2025-06-10T15:32:02.602Z" },
    { url = "https://files.pythonhosted.org/packages/0f/16/2710c252ee04cbd74d9562ebba709e5a284faeb8ada88fcda548c9191b47/pyyaml_ft-8.0.0-cp313-cp313t-macosx_11_0_arm64.whl", hash = "sha256:8d445bf6ea16bb93c37b42fdacfb2f94c8e92a79ba9e12768c96ecde867046d1", size = 182879, upload-time = "2025-06-10T15:32:04.466Z" },
    { url = "https://files.pythonhosted.org/packages/9a/40/ae8163519d937fa7bfa457b6f78439cc6831a7c2b170e4f612f7eda71815/pyyaml_ft-8.0.0-cp313-cp313t-manylinux_2_17_aarch64.manylinux2014_aarch64.whl", hash = "sha256:8c56bb46b4fda34cbb92a9446a841da3982cdde6ea13de3fbd80db7eeeab8b49", size = 811277, upload-time = "2025-06-10T15:32:06.214Z" },
    { url = "https://files.pythonhosted.org/packages/f9/66/28d82dbff7f87b96f0eeac79b7d972a96b4980c1e445eb6a857ba91eda00/pyyaml_ft-8.0.0-cp313-cp313t-manylinux_2_17_s390x.manylinux2014_s390x.whl", hash = "sha256:dab0abb46eb1780da486f022dce034b952c8ae40753627b27a626d803926483b", size = 831650, upload-time = "2025-06-10T15:32:08.076Z" },
    { url = "https://files.pythonhosted.org/packages/e8/df/161c4566facac7d75a9e182295c223060373d4116dead9cc53a265de60b9/pyyaml_ft-8.0.0-cp313-cp313t-manylinux_2_17_x86_64.manylinux2014_x86_64.whl", hash = "sha256:bd48d639cab5ca50ad957b6dd632c7dd3ac02a1abe0e8196a3c24a52f5db3f7a", size = 815755, upload-time = "2025-06-10T15:32:09.435Z" },
    { url = "https://files.pythonhosted.org/packages/05/10/f42c48fa5153204f42eaa945e8d1fd7c10d6296841dcb2447bf7da1be5c4/pyyaml_ft-8.0.0-cp313-cp313t-musllinux_1_2_aarch64.whl", hash = "sha256:052561b89d5b2a8e1289f326d060e794c21fa068aa11255fe71d65baf18a632e", size = 810403, upload-time = "2025-06-10T15:32:11.051Z" },
    { url = "https://files.pythonhosted.org/packages/d5/d2/e369064aa51009eb9245399fd8ad2c562bd0bcd392a00be44b2a824ded7c/pyyaml_ft-8.0.0-cp313-cp313t-musllinux_1_2_x86_64.whl", hash = "sha256:3bb4b927929b0cb162fb1605392a321e3333e48ce616cdcfa04a839271373255", size = 835581, upload-time = "2025-06-10T15:32:12.897Z" },
    { url = "https://files.pythonhosted.org/packages/c0/28/26534bed77109632a956977f60d8519049f545abc39215d086e33a61f1f2/pyyaml_ft-8.0.0-cp313-cp313t-win_amd64.whl", hash = "sha256:de04cfe9439565e32f178106c51dd6ca61afaa2907d143835d501d84703d3793", size = 171579, upload-time = "2025-06-10T15:32:14.34Z" },
]

[[package]]
name = "ruff"
version = "0.12.8"
source = { registry = "https://pypi.org/simple" }
sdist = { url = "https://files.pythonhosted.org/packages/4b/da/5bd7565be729e86e1442dad2c9a364ceeff82227c2dece7c29697a9795eb/ruff-0.12.8.tar.gz", hash = "sha256:4cb3a45525176e1009b2b64126acf5f9444ea59066262791febf55e40493a033", size = 5242373, upload-time = "2025-08-07T19:05:47.268Z" }
wheels = [
    { url = "https://files.pythonhosted.org/packages/c9/1e/c843bfa8ad1114fab3eb2b78235dda76acd66384c663a4e0415ecc13aa1e/ruff-0.12.8-py3-none-linux_armv6l.whl", hash = "sha256:63cb5a5e933fc913e5823a0dfdc3c99add73f52d139d6cd5cc8639d0e0465513", size = 11675315, upload-time = "2025-08-07T19:05:06.15Z" },
    { url = "https://files.pythonhosted.org/packages/24/ee/af6e5c2a8ca3a81676d5480a1025494fd104b8896266502bb4de2a0e8388/ruff-0.12.8-py3-none-macosx_10_12_x86_64.whl", hash = "sha256:9a9bbe28f9f551accf84a24c366c1aa8774d6748438b47174f8e8565ab9dedbc", size = 12456653, upload-time = "2025-08-07T19:05:09.759Z" },
    { url = "https://files.pythonhosted.org/packages/99/9d/e91f84dfe3866fa648c10512904991ecc326fd0b66578b324ee6ecb8f725/ruff-0.12.8-py3-none-macosx_11_0_arm64.whl", hash = "sha256:2fae54e752a3150f7ee0e09bce2e133caf10ce9d971510a9b925392dc98d2fec", size = 11659690, upload-time = "2025-08-07T19:05:12.551Z" },
    { url = "https://files.pythonhosted.org/packages/fe/ac/a363d25ec53040408ebdd4efcee929d48547665858ede0505d1d8041b2e5/ruff-0.12.8-py3-none-manylinux_2_17_aarch64.manylinux2014_aarch64.whl", hash = "sha256:c0acbcf01206df963d9331b5838fb31f3b44fa979ee7fa368b9b9057d89f4a53", size = 11896923, upload-time = "2025-08-07T19:05:14.821Z" },
    { url = "https://files.pythonhosted.org/packages/58/9f/ea356cd87c395f6ade9bb81365bd909ff60860975ca1bc39f0e59de3da37/ruff-0.12.8-py3-none-manylinux_2_17_armv7l.manylinux2014_armv7l.whl", hash = "sha256:ae3e7504666ad4c62f9ac8eedb52a93f9ebdeb34742b8b71cd3cccd24912719f", size = 11477612, upload-time = "2025-08-07T19:05:16.712Z" },
    { url = "https://files.pythonhosted.org/packages/1a/46/92e8fa3c9dcfd49175225c09053916cb97bb7204f9f899c2f2baca69e450/ruff-0.12.8-py3-none-manylinux_2_17_i686.manylinux2014_i686.whl", hash = "sha256:cb82efb5d35d07497813a1c5647867390a7d83304562607f3579602fa3d7d46f", size = 13182745, upload-time = "2025-08-07T19:05:18.709Z" },
    { url = "https://files.pythonhosted.org/packages/5e/c4/f2176a310f26e6160deaf661ef60db6c3bb62b7a35e57ae28f27a09a7d63/ruff-0.12.8-py3-none-manylinux_2_17_ppc64.manylinux2014_ppc64.whl", hash = "sha256:dbea798fc0065ad0b84a2947b0aff4233f0cb30f226f00a2c5850ca4393de609", size = 14206885, upload-time = "2025-08-07T19:05:21.025Z" },
    { url = "https://files.pythonhosted.org/packages/87/9d/98e162f3eeeb6689acbedbae5050b4b3220754554526c50c292b611d3a63/ruff-0.12.8-py3-none-manylinux_2_17_ppc64le.manylinux2014_ppc64le.whl", hash = "sha256:49ebcaccc2bdad86fd51b7864e3d808aad404aab8df33d469b6e65584656263a", size = 13639381, upload-time = "2025-08-07T19:05:23.423Z" },
    { url = "https://files.pythonhosted.org/packages/81/4e/1b7478b072fcde5161b48f64774d6edd59d6d198e4ba8918d9f4702b8043/ruff-0.12.8-py3-none-manylinux_2_17_s390x.manylinux2014_s390x.whl", hash = "sha256:0ac9c570634b98c71c88cb17badd90f13fc076a472ba6ef1d113d8ed3df109fb", size = 12613271, upload-time = "2025-08-07T19:05:25.507Z" },
    { url = "https://files.pythonhosted.org/packages/e8/67/0c3c9179a3ad19791ef1b8f7138aa27d4578c78700551c60d9260b2c660d/ruff-0.12.8-py3-none-manylinux_2_17_x86_64.manylinux2014_x86_64.whl", hash = "sha256:560e0cd641e45591a3e42cb50ef61ce07162b9c233786663fdce2d8557d99818", size = 12847783, upload-time = "2025-08-07T19:05:28.14Z" },
    { url = "https://files.pythonhosted.org/packages/4e/2a/0b6ac3dd045acf8aa229b12c9c17bb35508191b71a14904baf99573a21bd/ruff-0.12.8-py3-none-musllinux_1_2_aarch64.whl", hash = "sha256:71c83121512e7743fba5a8848c261dcc454cafb3ef2934a43f1b7a4eb5a447ea", size = 11702672, upload-time = "2025-08-07T19:05:30.413Z" },
    { url = "https://files.pythonhosted.org/packages/9d/ee/f9fdc9f341b0430110de8b39a6ee5fa68c5706dc7c0aa940817947d6937e/ruff-0.12.8-py3-none-musllinux_1_2_armv7l.whl", hash = "sha256:de4429ef2ba091ecddedd300f4c3f24bca875d3d8b23340728c3cb0da81072c3", size = 11440626, upload-time = "2025-08-07T19:05:32.492Z" },
    { url = "https://files.pythonhosted.org/packages/89/fb/b3aa2d482d05f44e4d197d1de5e3863feb13067b22c571b9561085c999dc/ruff-0.12.8-py3-none-musllinux_1_2_i686.whl", hash = "sha256:a2cab5f60d5b65b50fba39a8950c8746df1627d54ba1197f970763917184b161", size = 12462162, upload-time = "2025-08-07T19:05:34.449Z" },
    { url = "https://files.pythonhosted.org/packages/18/9f/5c5d93e1d00d854d5013c96e1a92c33b703a0332707a7cdbd0a4880a84fb/ruff-0.12.8-py3-none-musllinux_1_2_x86_64.whl", hash = "sha256:45c32487e14f60b88aad6be9fd5da5093dbefb0e3e1224131cb1d441d7cb7d46", size = 12913212, upload-time = "2025-08-07T19:05:36.541Z" },
    { url = "https://files.pythonhosted.org/packages/71/13/ab9120add1c0e4604c71bfc2e4ef7d63bebece0cfe617013da289539cef8/ruff-0.12.8-py3-none-win32.whl", hash = "sha256:daf3475060a617fd5bc80638aeaf2f5937f10af3ec44464e280a9d2218e720d3", size = 11694382, upload-time = "2025-08-07T19:05:38.468Z" },
    { url = "https://files.pythonhosted.org/packages/f6/dc/a2873b7c5001c62f46266685863bee2888caf469d1edac84bf3242074be2/ruff-0.12.8-py3-none-win_amd64.whl", hash = "sha256:7209531f1a1fcfbe8e46bcd7ab30e2f43604d8ba1c49029bb420b103d0b5f76e", size = 12740482, upload-time = "2025-08-07T19:05:40.391Z" },
    { url = "https://files.pythonhosted.org/packages/cb/5c/799a1efb8b5abab56e8a9f2a0b72d12bd64bb55815e9476c7d0a2887d2f7/ruff-0.12.8-py3-none-win_arm64.whl", hash = "sha256:c90e1a334683ce41b0e7a04f41790c429bf5073b62c1ae701c9dc5b3d14f0749", size = 11884718, upload-time = "2025-08-07T19:05:42.866Z" },
]

[[package]]
name = "single-quote-keys"
version = "0.1.0"
source = { editable = "." }
dependencies = [
    { name = "libcst" },
]

[package.dev-dependencies]
dev = [
    { name = "pre-commit" },
    { name = "pytest" },
    { name = "pytest-xdist" },
    { name = "ruff" },
    { name = "ty" },
]

[package.metadata]
requires-dist = [{ name = "libcst", specifier = ">=1.8.2" }]

[package.metadata.requires-dev]
dev = [
    { name = "pre-commit", specifier = ">=4.3.0" },
    { name = "pytest", specifier = ">=8.4.1" },
    { name = "pytest-xdist", specifier = ">=3.8.0" },
    { name = "ruff", specifier = ">=0.12.8" },
    { name = "ty", specifier = ">=0.0.1a17" },
]

[[package]]
name = "ty"
version = "0.0.1a17"
source = { registry = "https://pypi.org/simple" }
sdist = { url = "https://files.pythonhosted.org/packages/9a/59/f29cf1adc5c5dd6e739e08138dfa2435d3210841c6b6aa4d5bee7203cabf/ty-0.0.1a17.tar.gz", hash = "sha256:8bd0c5722c630b46a136ffc8f273f47d46cf00d9df2b0c72f1bfd28d1908a7c2", size = 4037064, upload-time = "2025-08-06T12:13:55.862Z" }
wheels = [
    { url = "https://files.pythonhosted.org/packages/71/76/1275e4b02a74dbff40408c608dcccb758245173bd794618dadcb092e384f/ty-0.0.1a17-py3-none-linux_armv6l.whl", hash = "sha256:c16b109f05ab34f084b98b9da84c795a23780c9a2f44c237464e52efc5f97139", size = 7970950, upload-time = "2025-08-06T12:13:24.031Z" },
    { url = "https://files.pythonhosted.org/packages/df/15/10947e3a0993b02acb563fa958fb9334937615195dbe6efd17c889d1925d/ty-0.0.1a17-py3-none-macosx_10_12_x86_64.whl", hash = "sha256:59e2db756b2b727723ebee58c2e00f172e00a60083a49c8522a19e81887dbc71", size = 8117684, upload-time = "2025-08-06T12:13:26.035Z" },
    { url = "https://files.pythonhosted.org/packages/c0/73/1f982b361b0f161dad3181739f6dc010252e17d5eb8eea625d88f03deb23/ty-0.0.1a17-py3-none-macosx_11_0_arm64.whl", hash = "sha256:79b6d76d64f86414d482f08e09433bedd3e489a1973fa1226b457d4935b592a3", size = 7721774, upload-time = "2025-08-06T12:13:27.528Z" },
    { url = "https://files.pythonhosted.org/packages/d2/fc/a8837d4c1e395730157b16f379f4204035bb75e3fc815a1238c02bab2655/ty-0.0.1a17-py3-none-manylinux_2_17_aarch64.manylinux2014_aarch64.whl", hash = "sha256:bdbc144e7d7a5c8dc102715870bf211b51efe581e952a933a0fcba2df9d6ac8d", size = 7841709, upload-time = "2025-08-06T12:13:29.726Z" },
    { url = "https://files.pythonhosted.org/packages/c4/ae/1f69a9aa9f3092c7c1e3bf8e8d2d3db4a7a03108432fc02af24e313c8deb/ty-0.0.1a17-py3-none-manylinux_2_17_armv7l.manylinux2014_armv7l.whl", hash = "sha256:677388fbe5b9e75764dd8b520eff9c3273f9749ece5425eb34e6fa1359430e3b", size = 7811651, upload-time = "2025-08-06T12:13:31.448Z" },
    { url = "https://files.pythonhosted.org/packages/f9/d8/561283da06dd8f7da44543af9e4a7fde1716f1fe174dde073f78ea291b35/ty-0.0.1a17-py3-none-manylinux_2_17_i686.manylinux2014_i686.whl", hash = "sha256:cdaa4baee9f559ee5bb36b66ad0635e2e4308c6937e8e655a4d4ae1bcf736ad0", size = 8702850, upload-time = "2025-08-06T12:13:34.484Z" },
    { url = "https://files.pythonhosted.org/packages/8a/10/da263a67fea576027b65d78a7d2a55d9829aa22b17e0e10d4201b8d6bd8c/ty-0.0.1a17-py3-none-manylinux_2_17_ppc64.manylinux2014_ppc64.whl", hash = "sha256:a0637f80301e7a961b87df2e01db22e8f764cd46d371a73b9a968e1894c334ab", size = 9188621, upload-time = "2025-08-06T12:13:36.206Z" },
    { url = "https://files.pythonhosted.org/packages/ef/e3/e0d2c55df43ecf1bd5f11859fd9f8dd8536643ce1433aec6b8c8bf3b2865/ty-0.0.1a17-py3-none-manylinux_2_17_ppc64le.manylinux2014_ppc64le.whl", hash = "sha256:749622726587e758fbbb530d1ab293b7489476cd5502c3ac5da5d6b042bb6a1b", size = 8795061, upload-time = "2025-08-06T12:13:37.99Z" },
    { url = "https://files.pythonhosted.org/packages/2d/3c/ad62544ad7982cb4029f7901953ede9a27c7f6a3afef207fef6a4c6ebfce/ty-0.0.1a17-py3-none-manylinux_2_17_s390x.manylinux2014_s390x.whl", hash = "sha256:5f1cb91c4b79127193829ab2d1bda79a86ab782fcbdf2988b5a3af37a44a7ae2", size = 8643000, upload-time = "2025-08-06T12:13:40.075Z" },
    { url = "https://files.pythonhosted.org/packages/c5/cb/029bf9f24bb5c5c7c4b139d1f131b19530303fcdd8141607a8d065a87f74/ty-0.0.1a17-py3-none-manylinux_2_17_x86_64.manylinux2014_x86_64.whl", hash = "sha256:7310e783c54f4f9b2380e050b2e992ccbebcf7e73748689f1d8408199cc5a14e", size = 8432265, upload-time = "2025-08-06T12:13:41.631Z" },
    { url = "https://files.pythonhosted.org/packages/ee/6c/b4c7ba46218953a822f17813ed2d86238a04ca7937de286841a2c18ff857/ty-0.0.1a17-py3-none-musllinux_1_2_aarch64.whl", hash = "sha256:96681e474600811066bf42e3e2cfac7603b7ca1da065fb4f852f94f3df9c944a", size = 7730711, upload-time = "2025-08-06T12:13:43.32Z" },
    { url = "https://files.pythonhosted.org/packages/74/fd/f3aa541e1b7e1d0becf9f28e44e986ae5eb556f827a5312011026938d197/ty-0.0.1a17-py3-none-musllinux_1_2_armv7l.whl", hash = "sha256:0ddc72485af203a70267c522ff6ab6cf648ea0a065a7fa542e9e9552c83cdaee", size = 7836927, upload-time = "2025-08-06T12:13:44.614Z" },
    { url = "https://files.pythonhosted.org/packages/94/06/7d8b4b52af385a20705cc063a7f9c144aae3b6aaef165ad2fcc029c9f755/ty-0.0.1a17-py3-none-musllinux_1_2_i686.whl", hash = "sha256:7b05f97cc5149b01cb979b9b6b2d773055fb482e490d7169d7c3a213de07ade5", size = 8304523, upload-time = "2025-08-06T12:13:45.983Z" },
    { url = "https://files.pythonhosted.org/packages/6d/a6/e14d4600339a6654e9ccc90ad9662a116f9544e0afb8d0abf1c99d6a2c2d/ty-0.0.1a17-py3-none-musllinux_1_2_x86_64.whl", hash = "sha256:8f80d9b5bc8681fe072ede10d4052035ec1f54c194532932e6c4230a2a5526e5", size = 8492400, upload-time = "2025-08-06T12:13:47.406Z" },
    { url = "https://files.pythonhosted.org/packages/ab/90/19dac956ab9f1ad04b4d1a38df856b44f237b3eda5af5b76a29439e64165/ty-0.0.1a17-py3-none-win32.whl", hash = "sha256:c3ba585145c4a019cb31001a1d0bd606e01fe01b285a20188a42eba165dddd50", size = 7617341, upload-time = "2025-08-06T12:13:49.093Z" },
    { url = "https://files.pythonhosted.org/packages/f5/94/08e2b3f6bc0af97abcd3fcc8ea28797a627296613256ae37e98043c871ca/ty-0.0.1a17-py3-none-win_amd64.whl", hash = "sha256:7d00b569ebd4635c58840d2ed9e1d2d8b36f496619c0bc0c8d1777767786b508", size = 8230727, upload-time = "2025-08-06T12:13:50.705Z" },
    { url = "https://files.pythonhosted.org/packages/98/c6/207bbc2f3bb71df4b1aeabe8e9c31a1cd22c72aff0ab9c1a832b9ae54f6e/ty-0.0.1a17-py3-none-win_arm64.whl", hash = "sha256:636eacc1dceaf09325415a70a03cd57eae53e5c7f281813aaa943a698a45cddb", size = 7782847, upload-time = "2025-08-06T12:13:54.243Z" },
]

[[package]]
name = "virtualenv"
version = "20.33.1"
source = { registry = "https://pypi.org/simple" }
dependencies = [
    { name = "distlib" },
    { name = "filelock" },
    { name = "platformdirs" },
]
sdist = { url = "https://files.pythonhosted.org/packages/8b/60/4f20960df6c7b363a18a55ab034c8f2bcd5d9770d1f94f9370ec104c1855/virtualenv-20.33.1.tar.gz", hash = "sha256:1b44478d9e261b3fb8baa5e74a0ca3bc0e05f21aa36167bf9cbf850e542765b8", size = 6082160, upload-time = "2025-08-05T16:10:55.605Z" }
wheels = [
    { url = "https://files.pythonhosted.org/packages/ca/ff/ded57ac5ff40a09e6e198550bab075d780941e0b0f83cbeabd087c59383a/virtualenv-20.33.1-py3-none-any.whl", hash = "sha256:07c19bc66c11acab6a5958b815cbcee30891cd1c2ccf53785a28651a0d8d8a67", size = 6060362, upload-time = "2025-08-05T16:10:52.81Z" },
]
